// !$*UTF8*$!
{
	archiveVersion = 1;
	classes = {
	};
	objectVersion = 46;
	objects = {

/* Begin PBXBuildFile section */
		32D145BE1A5CA9FD00561E86 /* main.m in Sources */ = {isa = PBXBuildFile; fileRef = 32D145BD1A5CA9FD00561E86 /* main.m */; };
		32D145C11A5CA9FD00561E86 /* AppDelegate.m in Sources */ = {isa = PBXBuildFile; fileRef = 32D145C01A5CA9FD00561E86 /* AppDelegate.m */; };
		32D145C41A5CA9FD00561E86 /* ViewController.m in Sources */ = {isa = PBXBuildFile; fileRef = 32D145C31A5CA9FD00561E86 /* ViewController.m */; };
		32D145C71A5CA9FD00561E86 /* Main.storyboard in Resources */ = {isa = PBXBuildFile; fileRef = 32D145C51A5CA9FD00561E86 /* Main.storyboard */; };
		32D145C91A5CA9FD00561E86 /* Images.xcassets in Resources */ = {isa = PBXBuildFile; fileRef = 32D145C81A5CA9FD00561E86 /* Images.xcassets */; };
		32D145CC1A5CA9FD00561E86 /* LaunchScreen.xib in Resources */ = {isa = PBXBuildFile; fileRef = 32D145CA1A5CA9FD00561E86 /* LaunchScreen.xib */; };
		32D145D81A5CA9FD00561E86 /* matchingcardsTests.m in Sources */ = {isa = PBXBuildFile; fileRef = 32D145D71A5CA9FD00561E86 /* matchingcardsTests.m */; };
/* End PBXBuildFile section */

/* Begin PBXContainerItemProxy section */
		32D145D21A5CA9FD00561E86 /* PBXContainerItemProxy */ = {
			isa = PBXContainerItemProxy;
			containerPortal = 32D145B01A5CA9FD00561E86 /* Project object */;
			proxyType = 1;
			remoteGlobalIDString = 32D145B71A5CA9FD00561E86;
			remoteInfo = matchingcards;
		};
/* End PBXContainerItemProxy section */

/* Begin PBXFileReference section */
		32D145B81A5CA9FD00561E86 /* matchingcards.app */ = {isa = PBXFileReference; explicitFileType = wrapper.application; includeInIndex = 0; path = matchingcards.app; sourceTree = BUILT_PRODUCTS_DIR; };
		32D145BC1A5CA9FD00561E86 /* Info.plist */ = {isa = PBXFileReference; lastKnownFileType = text.plist.xml; path = Info.plist; sourceTree = "<group>"; };
		32D145BD1A5CA9FD00561E86 /* main.m */ = {isa = PBXFileReference; lastKnownFileType = sourcecode.c.objc; path = main.m; sourceTree = "<group>"; };
		32D145BF1A5CA9FD00561E86 /* AppDelegate.h */ = {isa = PBXFileReference; lastKnownFileType = sourcecode.c.h; path = AppDelegate.h; sourceTree = "<group>"; };
		32D145C01A5CA9FD00561E86 /* AppDelegate.m */ = {isa = PBXFileReference; lastKnownFileType = sourcecode.c.objc; path = AppDelegate.m; sourceTree = "<group>"; };
		32D145C21A5CA9FD00561E86 /* ViewController.h */ = {isa = PBXFileReference; lastKnownFileType = sourcecode.c.h; path = ViewController.h; sourceTree = "<group>"; };
		32D145C31A5CA9FD00561E86 /* ViewController.m */ = {isa = PBXFileReference; lastKnownFileType = sourcecode.c.objc; path = ViewController.m; sourceTree = "<group>"; };
		32D145C61A5CA9FD00561E86 /* Base */ = {isa = PBXFileReference; lastKnownFileType = file.storyboard; name = Base; path = Base.lproj/Main.storyboard; sourceTree = "<group>"; };
		32D145C81A5CA9FD00561E86 /* Images.xcassets */ = {isa = PBXFileReference; lastKnownFileType = folder.assetcatalog; path = Images.xcassets; sourceTree = "<group>"; };
		32D145CB1A5CA9FD00561E86 /* Base */ = {isa = PBXFileReference; lastKnownFileType = file.xib; name = Base; path = Base.lproj/LaunchScreen.xib; sourceTree = "<group>"; };
		32D145D11A5CA9FD00561E86 /* matchingcardsTests.xctest */ = {isa = PBXFileReference; explicitFileType = wrapper.cfbundle; includeInIndex = 0; path = matchingcardsTests.xctest; sourceTree = BUILT_PRODUCTS_DIR; };
		32D145D61A5CA9FD00561E86 /* Info.plist */ = {isa = PBXFileReference; lastKnownFileType = text.plist.xml; path = Info.plist; sourceTree = "<group>"; };
		32D145D71A5CA9FD00561E86 /* matchingcardsTests.m */ = {isa = PBXFileReference; lastKnownFileType = sourcecode.c.objc; path = matchingcardsTests.m; sourceTree = "<group>"; };
/* End PBXFileReference section */

/* Begin PBXFrameworksBuildPhase section */
		32D145B51A5CA9FD00561E86 /* Frameworks */ = {
			isa = PBXFrameworksBuildPhase;
			buildActionMask = 2147483647;
			files = (
			);
			runOnlyForDeploymentPostprocessing = 0;
		};
		32D145CE1A5CA9FD00561E86 /* Frameworks */ = {
			isa = PBXFrameworksBuildPhase;
			buildActionMask = 2147483647;
			files = (
			);
			runOnlyForDeploymentPostprocessing = 0;
		};
/* End PBXFrameworksBuildPhase section */

/* Begin PBXGroup section */
		32D145AF1A5CA9FD00561E86 = {
			isa = PBXGroup;
			children = (
				32D145BA1A5CA9FD00561E86 /* matchingcards */,
				32D145D41A5CA9FD00561E86 /* matchingcardsTests */,
				32D145B91A5CA9FD00561E86 /* Products */,
			);
			sourceTree = "<group>";
		};
		32D145B91A5CA9FD00561E86 /* Products */ = {
			isa = PBXGroup;
			children = (
				32D145B81A5CA9FD00561E86 /* matchingcards.app */,
				32D145D11A5CA9FD00561E86 /* matchingcardsTests.xctest */,
			);
			name = Products;
			sourceTree = "<group>";
		};
		32D145BA1A5CA9FD00561E86 /* matchingcards */ = {
			isa = PBXGroup;
			children = (
				32D145BF1A5CA9FD00561E86 /* AppDelegate.h */,
				32D145C01A5CA9FD00561E86 /* AppDelegate.m */,
				32D145C21A5CA9FD00561E86 /* ViewController.h */,
				32D145C31A5CA9FD00561E86 /* ViewController.m */,
				32D145C51A5CA9FD00561E86 /* Main.storyboard */,
				32D145C81A5CA9FD00561E86 /* Images.xcassets */,
				32D145CA1A5CA9FD00561E86 /* LaunchScreen.xib */,
				32D145BB1A5CA9FD00561E86 /* Supporting Files */,
			);
			path = matchingcards;
			sourceTree = "<group>";
		};
		32D145BB1A5CA9FD00561E86 /* Supporting Files */ = {
			isa = PBXGroup;
			children = (
				32D145BC1A5CA9FD00561E86 /* Info.plist */,
				32D145BD1A5CA9FD00561E86 /* main.m */,
			);
			name = "Supporting Files";
			sourceTree = "<group>";
		};
		32D145D41A5CA9FD00561E86 /* matchingcardsTests */ = {
			isa = PBXGroup;
			children = (
				32D145D71A5CA9FD00561E86 /* matchingcardsTests.m */,
				32D145D51A5CA9FD00561E86 /* Supporting Files */,
			);
			path = matchingcardsTests;
			sourceTree = "<group>";
		};
		32D145D51A5CA9FD00561E86 /* Supporting Files */ = {
			isa = PBXGroup;
			children = (
				32D145D61A5CA9FD00561E86 /* Info.plist */,
			);
			name = "Supporting Files";
			sourceTree = "<group>";
		};
/* End PBXGroup section */

/* Begin PBXNativeTarget section */
		32D145B71A5CA9FD00561E86 /* matchingcards */ = {
			isa = PBXNativeTarget;
			buildConfigurationList = 32D145DB1A5CA9FE00561E86 /* Build configuration list for PBXNativeTarget "matchingcards" */;
			buildPhases = (
				32D145B41A5CA9FD00561E86 /* Sources */,
				32D145B51A5CA9FD00561E86 /* Frameworks */,
				32D145B61A5CA9FD00561E86 /* Resources */,
			);
			buildRules = (
			);
			dependencies = (
			);
			name = matchingcards;
			productName = matchingcards;
			productReference = 32D145B81A5CA9FD00561E86 /* matchingcards.app */;
			productType = "com.apple.product-type.application";
		};
		32D145D01A5CA9FD00561E86 /* matchingcardsTests */ = {
			isa = PBXNativeTarget;
			buildConfigurationList = 32D145DE1A5CA9FE00561E86 /* Build configuration list for PBXNativeTarget "matchingcardsTests" */;
			buildPhases = (
				32D145CD1A5CA9FD00561E86 /* Sources */,
				32D145CE1A5CA9FD00561E86 /* Frameworks */,
				32D145CF1A5CA9FD00561E86 /* Resources */,
			);
			buildRules = (
			);
			dependencies = (
				32D145D31A5CA9FD00561E86 /* PBXTargetDependency */,
			);
			name = matchingcardsTests;
			productName = matchingcardsTests;
			productReference = 32D145D11A5CA9FD00561E86 /* matchingcardsTests.xctest */;
			productType = "com.apple.product-type.bundle.unit-test";
		};
/* End PBXNativeTarget section */

/* Begin PBXProject section */
		32D145B01A5CA9FD00561E86 /* Project object */ = {
			isa = PBXProject;
			attributes = {
				LastUpgradeCheck = 0610;
				ORGANIZATIONNAME = "Ziyue Chen";
				TargetAttributes = {
					32D145B71A5CA9FD00561E86 = {
						CreatedOnToolsVersion = 6.1.1;
					};
					32D145D01A5CA9FD00561E86 = {
						CreatedOnToolsVersion = 6.1.1;
						TestTargetID = 32D145B71A5CA9FD00561E86;
					};
				};
			};
			buildConfigurationList = 32D145B31A5CA9FD00561E86 /* Build configuration list for PBXProject "matchingcards" */;
			compatibilityVersion = "Xcode 3.2";
			developmentRegion = English;
			hasScannedForEncodings = 0;
			knownRegions = (
				en,
				Base,
			);
			mainGroup = 32D145AF1A5CA9FD00561E86;
			productRefGroup = 32D145B91A5CA9FD00561E86 /* Products */;
			projectDirPath = "";
			projectRoot = "";
			targets = (
				32D145B71A5CA9FD00561E86 /* matchingcards */,
				32D145D01A5CA9FD00561E86 /* matchingcardsTests */,
			);
		};
/* End PBXProject section */

/* Begin PBXResourcesBuildPhase section */
		32D145B61A5CA9FD00561E86 /* Resources */ = {
			isa = PBXResourcesBuildPhase;
			buildActionMask = 2147483647;
			files = (
				32D145C71A5CA9FD00561E86 /* Main.storyboard in Resources */,
				32D145CC1A5CA9FD00561E86 /* LaunchScreen.xib in Resources */,
				32D145C91A5CA9FD00561E86 /* Images.xcassets in Resources */,
			);
			runOnlyForDeploymentPostprocessing = 0;
		};
		32D145CF1A5CA9FD00561E86 /* Resources */ = {
			isa = PBXResourcesBuildPhase;
			buildActionMask = 2147483647;
			files = (
			);
			runOnlyForDeploymentPostprocessing = 0;
		};
/* End PBXResourcesBuildPhase section */

/* Begin PBXSourcesBuildPhase section */
		32D145B41A5CA9FD00561E86 /* Sources */ = {
			isa = PBXSourcesBuildPhase;
			buildActionMask = 2147483647;
			files = (
				32D145C41A5CA9FD00561E86 /* ViewController.m in Sources */,
				32D145C11A5CA9FD00561E86 /* AppDelegate.m in Sources */,
				32D145BE1A5CA9FD00561E86 /* main.m in Sources */,
			);
			runOnlyForDeploymentPostprocessing = 0;
		};
		32D145CD1A5CA9FD00561E86 /* Sources */ = {
			isa = PBXSourcesBuildPhase;
			buildActionMask = 2147483647;
			files = (
				32D145D81A5CA9FD00561E86 /* matchingcardsTests.m in Sources */,
			);
			runOnlyForDeploymentPostprocessing = 0;
		};
/* End PBXSourcesBuildPhase section */

/* Begin PBXTargetDependency section */
		32D145D31A5CA9FD00561E86 /* PBXTargetDependency */ = {
			isa = PBXTargetDependency;
			target = 32D145B71A5CA9FD00561E86 /* matchingcards */;
			targetProxy = 32D145D21A5CA9FD00561E86 /* PBXContainerItemProxy */;
		};
/* End PBXTargetDependency section */

/* Begin PBXVariantGroup section */
		32D145C51A5CA9FD00561E86 /* Main.storyboard */ = {
			isa = PBXVariantGroup;
			children = (
				32D145C61A5CA9FD00561E86 /* Base */,
			);
			name = Main.storyboard;
			sourceTree = "<group>";
		};
		32D145CA1A5CA9FD00561E86 /* LaunchScreen.xib */ = {
			isa = PBXVariantGroup;
			children = (
				32D145CB1A5CA9FD00561E86 /* Base */,
			);
			name = LaunchScreen.xib;
			sourceTree = "<group>";
		};
/* End PBXVariantGroup section */

/* Begin XCBuildConfiguration section */
		32D145D91A5CA9FE00561E86 /* Debug */ = {
			isa = XCBuildConfiguration;
			buildSettings = {
				ALWAYS_SEARCH_USER_PATHS = NO;
				CLANG_CXX_LANGUAGE_STANDARD = "gnu++0x";
				CLANG_CXX_LIBRARY = "libc++";
				CLANG_ENABLE_MODULES = YES;
				CLANG_ENABLE_OBJC_ARC = YES;
				CLANG_WARN_BOOL_CONVERSION = YES;
				CLANG_WARN_CONSTANT_CONVERSION = YES;
				CLANG_WARN_DIRECT_OBJC_ISA_USAGE = YES_ERROR;
				CLANG_WARN_EMPTY_BODY = YES;
				CLANG_WARN_ENUM_CONVERSION = YES;
				CLANG_WARN_INT_CONVERSION = YES;
				CLANG_WARN_OBJC_ROOT_CLASS = YES_ERROR;
				CLANG_WARN_UNREACHABLE_CODE = YES;
				CLANG_WARN__DUPLICATE_METHOD_MATCH = YES;
				"CODE_SIGN_IDENTITY[sdk=iphoneos*]" = "iPhone Developer";
				COPY_PHASE_STRIP = NO;
				ENABLE_STRICT_OBJC_MSGSEND = YES;
				GCC_C_LANGUAGE_STANDARD = gnu99;
				GCC_DYNAMIC_NO_PIC = NO;
				GCC_OPTIMIZATION_LEVEL = 0;
				GCC_PREPROCESSOR_DEFINITIONS = (
					"DEBUG=1",
					"$(inherited)",
				);
				GCC_SYMBOLS_PRIVATE_EXTERN = NO;
				GCC_WARN_64_TO_32_BIT_CONVERSION = YES;
				GCC_WARN_ABOUT_RETURN_TYPE = YES_ERROR;
				GCC_WARN_UNDECLARED_SELECTOR = YES;
				GCC_WARN_UNINITIALIZED_AUTOS = YES_AGGRESSIVE;
				GCC_WARN_UNUSED_FUNCTION = YES;
				GCC_WARN_UNUSED_VARIABLE = YES;
				IPHONEOS_DEPLOYMENT_TARGET = 8.1;
				MTL_ENABLE_DEBUG_INFO = YES;
				ONLY_ACTIVE_ARCH = YES;
				SDKROOT = iphoneos;
			};
			name = Debug;
		};
		32D145DA1A5CA9FE00561E86 /* Release */ = {
			isa = XCBuildConfiguration;
			buildSettings = {
				ALWAYS_SEARCH_USER_PATHS = NO;
				CLANG_CXX_LANGUAGE_STANDARD = "gnu++0x";
				CLANG_CXX_LIBRARY = "libc++";
				CLANG_ENABLE_MODULES = YES;
				CLANG_ENABLE_OBJC_ARC = YES;
				CLANG_WARN_BOOL_CONVERSION = YES;
				CLANG_WARN_CONSTANT_CONVERSION = YES;
				CLANG_WARN_DIRECT_OBJC_ISA_USAGE = YES_ERROR;
				CLANG_WARN_EMPTY_BODY = YES;
				CLANG_WARN_ENUM_CONVERSION = YES;
				CLANG_WARN_INT_CONVERSION = YES;
				CLANG_WARN_OBJC_ROOT_CLASS = YES_ERROR;
				CLANG_WARN_UNREACHABLE_CODE = YES;
				CLANG_WARN__DUPLICATE_METHOD_MATCH = YES;
				"CODE_SIGN_IDENTITY[sdk=iphoneos*]" = "iPhone Developer";
				COPY_PHASE_STRIP = YES;
				ENABLE_NS_ASSERTIONS = NO;
				ENABLE_STRICT_OBJC_MSGSEND = YES;
				GCC_C_LANGUAGE_STANDARD = gnu99;
				GCC_WARN_64_TO_32_BIT_CONVERSION = YES;
				GCC_WARN_ABOUT_RETURN_TYPE = YES_ERROR;
				GCC_WARN_UNDECLARED_SELECTOR = YES;
				GCC_WARN_UNINITIALIZED_AUTOS = YES_AGGRESSIVE;
				GCC_WARN_UNUSED_FUNCTION = YES;
				GCC_WARN_UNUSED_VARIABLE = YES;
				IPHONEOS_DEPLOYMENT_TARGET = 8.1;
				MTL_ENABLE_DEBUG_INFO = NO;
				SDKROOT = iphoneos;
				VALIDATE_PRODUCT = YES;
			};
			name = Release;
		};
		32D145DC1A5CA9FE00561E86 /* Debug */ = {
			isa = XCBuildConfiguration;
			buildSettings = {
				ASSETCATALOG_COMPILER_APPICON_NAME = AppIcon;
				INFOPLIST_FILE = matchingcards/Info.plist;
				IPHONEOS_DEPLOYMENT_TARGET = 7.0;
				LD_RUNPATH_SEARCH_PATHS = "$(inherited) @executable_path/Frameworks";
				PRODUCT_NAME = "$(TARGET_NAME)";
				TARGETED_DEVICE_FAMILY = 1;
			};
			name = Debug;
		};
		32D145DD1A5CA9FE00561E86 /* Release */ = {
			isa = XCBuildConfiguration;
			buildSettings = {
				ASSETCATALOG_COMPILER_APPICON_NAME = AppIcon;
				INFOPLIST_FILE = matchingcards/Info.plist;
				IPHONEOS_DEPLOYMENT_TARGET = 7.0;
				LD_RUNPATH_SEARCH_PATHS = "$(inherited) @executable_path/Frameworks";
				PRODUCT_NAME = "$(TARGET_NAME)";
				TARGETED_DEVICE_FAMILY = 1;
			};
			name = Release;
		};
		32D145DF1A5CA9FE00561E86 /* Debug */ = {
			isa = XCBuildConfiguration;
			buildSettings = {
				BUNDLE_LOADER = "$(TEST_HOST)";
				FRAMEWORK_SEARCH_PATHS = (
					"$(SDKROOT)/Developer/Library/Frameworks",
					"$(inherited)",
				);
				GCC_PREPROCESSOR_DEFINITIONS = (
					"DEBUG=1",
					"$(inherited)",
				);
				INFOPLIST_FILE = matchingcardsTests/Info.plist;
				LD_RUNPATH_SEARCH_PATHS = "$(inherited) @executable_path/Frameworks @loader_path/Frameworks";
				PRODUCT_NAME = "$(TARGET_NAME)";
				TEST_HOST = "$(BUILT_PRODUCTS_DIR)/matchingcards.app/matchingcards";
			};
			name = Debug;
		};
		32D145E01A5CA9FE00561E86 /* Release */ = {
			isa = XCBuildConfiguration;
			buildSettings = {
				BUNDLE_LOADER = "$(TEST_HOST)";
				FRAMEWORK_SEARCH_PATHS = (
					"$(SDKROOT)/Developer/Library/Frameworks",
					"$(inherited)",
				);
				INFOPLIST_FILE = matchingcardsTests/Info.plist;
				LD_RUNPATH_SEARCH_PATHS = "$(inherited) @executable_path/Frameworks @loader_path/Frameworks";
				PRODUCT_NAME = "$(TARGET_NAME)";
				TEST_HOST = "$(BUILT_PRODUCTS_DIR)/matchingcards.app/matchingcards";
			};
			name = Release;
		};
/* End XCBuildConfiguration section */

/* Begin XCConfigurationList section */
		32D145B31A5CA9FD00561E86 /* Build configuration list for PBXProject "matchingcards" */ = {
			isa = XCConfigurationList;
			buildConfigurations = (
				32D145D91A5CA9FE00561E86 /* Debug */,
				32D145DA1A5CA9FE00561E86 /* Release */,
			);
			defaultConfigurationIsVisible = 0;
			defaultConfigurationName = Release;
		};
		32D145DB1A5CA9FE00561E86 /* Build configuration list for PBXNativeTarget "matchingcards" */ = {
			isa = XCConfigurationList;
			buildConfigurations = (
				32D145DC1A5CA9FE00561E86 /* Debug */,
				32D145DD1A5CA9FE00561E86 /* Release */,
			);
			defaultConfigurationIsVisible = 0;
		};
		32D145DE1A5CA9FE00561E86 /* Build configuration list for PBXNativeTarget "matchingcardsTests" */ = {
			isa = XCConfigurationList;
			buildConfigurations = (
				32D145DF1A5CA9FE00561E86 /* Debug */,
				32D145E01A5CA9FE00561E86 /* Release */,
			);
			defaultConfigurationIsVisible = 0;
		};
/* End XCConfigurationList section */
	};
	rootObject = 32D145B01A5CA9FD00561E86 /* Project object */;
}
